
Microsoft Visual Studio Solution File, Format Version 12.00
# Visual Studio Version 17
VisualStudioVersion = 17.6.33829.357
MinimumVisualStudioVersion = 10.0.40219.1
Project("{FAE04EC0-301F-11D3-BF4B-00C04F79EFBC}") = "ConsoleApp4", "ConsoleApp4\ConsoleApp4.csproj", "{212CC4DE-07E8-47EC-9512-AF9BCAD1AEDF}"
EndProject
Global
	GlobalSection(SolutionConfigurationPlatforms) = preSolution
		Debug|Any CPU = Debug|Any CPU
		Release|Any CPU = Release|Any CPU
	EndGlobalSection
	GlobalSection(ProjectConfigurationPlatforms) = postSolution
		{212CC4DE-07E8-47EC-9512-AF9BCAD1AEDF}.Debug|Any CPU.ActiveCfg = Debug|Any CPU
		{212CC4DE-07E8-47EC-9512-AF9BCAD1AEDF}.Debug|Any CPU.Build.0 = Debug|Any CPU
		{212CC4DE-07E8-47EC-9512-AF9BCAD1AEDF}.Release|Any CPU.ActiveCfg = Release|Any CPU
		{212CC4DE-07E8-47EC-9512-AF9BCAD1AEDF}.Release|Any CPU.Build.0 = Release|Any CPU
	EndGlobalSection
	GlobalSection(SolutionProperties) = preSolution
		HideSolutionNode = FALSE
	EndGlobalSection
	GlobalSection(ExtensibilityGlobals) = postSolution
		SolutionGuid = {7CB0A20B-2094-4979-929D-3F395E7E451C}
	EndGlobalSection
EndGlobal
